
Microsoft Visual Studio Solution File, Format Version 12.00
# Visual Studio Version 17
VisualStudioVersion = 17.14.36518.9
MinimumVisualStudioVersion = 10.0.40219.1
Project("{2150E333-8FDC-42A3-9474-1A3956D46DE8}") = "src", "src", "{02EA681E-C7D8-13C7-8484-4AC65E1B71E8}"
EndProject
Project("{2150E333-8FDC-42A3-9474-1A3956D46DE8}") = "API", "API", "{2193DF4B-0CE3-4046-8A6C-E11038812307}"
EndProject
Project("{2150E333-8FDC-42A3-9474-1A3956D46DE8}") = "Common", "Common", "{2C3ABC6A-50F2-4B3B-B39B-4564DAFC6220}"
EndProject
Project("{2150E333-8FDC-42A3-9474-1A3956D46DE8}") = "Core", "Core", "{AFF73A63-4E75-4549-9CB0-0CC9BF4DCD68}"
EndProject
Project("{FAE04EC0-301F-11D3-BF4B-00C04F79EFBC}") = "Sosa.Gym.API", "Sosa.Gym.API\Sosa.Gym.API.csproj", "{478E71EC-7466-40FD-B53C-2694A4C3E65F}"
EndProject
Project("{FAE04EC0-301F-11D3-BF4B-00C04F79EFBC}") = "Sosa.Gym.Common", "Sosa.Gym.Common\Sosa.Gym.Common.csproj", "{BF8A6DCB-3735-4923-A1EB-00260695917B}"
EndProject
Project("{FAE04EC0-301F-11D3-BF4B-00C04F79EFBC}") = "Sosa.Gym.Application", "Sosa.Gym.Application\Sosa.Gym.Application.csproj", "{C77333ED-2B79-442D-952F-B2B3862883DD}"
EndProject
Project("{FAE04EC0-301F-11D3-BF4B-00C04F79EFBC}") = "Sosa.Gym.Domain", "Sosa.Gym.Domain\Sosa.Gym.Domain.csproj", "{595DCD35-7124-42B1-8697-A355955E1E14}"
EndProject
Project("{2150E333-8FDC-42A3-9474-1A3956D46DE8}") = "Infraestructure", "Infraestructure", "{215BB5B1-E6AD-4559-B0A0-BF21CF080FF5}"
EndProject
Project("{FAE04EC0-301F-11D3-BF4B-00C04F79EFBC}") = "Sosa.Gym.Infraestructure", "Sosa.Gym.Infraestructure\Sosa.Gym.Infraestructure.csproj", "{5F1F1F7D-7AC1-4E26-86C5-55F51F8B7779}"
EndProject
Global
	GlobalSection(SolutionConfigurationPlatforms) = preSolution
		Debug|Any CPU = Debug|Any CPU
		Release|Any CPU = Release|Any CPU
	EndGlobalSection
	GlobalSection(ProjectConfigurationPlatforms) = postSolution
		{478E71EC-7466-40FD-B53C-2694A4C3E65F}.Debug|Any CPU.ActiveCfg = Debug|Any CPU
		{478E71EC-7466-40FD-B53C-2694A4C3E65F}.Debug|Any CPU.Build.0 = Debug|Any CPU
		{478E71EC-7466-40FD-B53C-2694A4C3E65F}.Release|Any CPU.ActiveCfg = Release|Any CPU
		{478E71EC-7466-40FD-B53C-2694A4C3E65F}.Release|Any CPU.Build.0 = Release|Any CPU
		{BF8A6DCB-3735-4923-A1EB-00260695917B}.Debug|Any CPU.ActiveCfg = Debug|Any CPU
		{BF8A6DCB-3735-4923-A1EB-00260695917B}.Debug|Any CPU.Build.0 = Debug|Any CPU
		{BF8A6DCB-3735-4923-A1EB-00260695917B}.Release|Any CPU.ActiveCfg = Release|Any CPU
		{BF8A6DCB-3735-4923-A1EB-00260695917B}.Release|Any CPU.Build.0 = Release|Any CPU
		{C77333ED-2B79-442D-952F-B2B3862883DD}.Debug|Any CPU.ActiveCfg = Debug|Any CPU
		{C77333ED-2B79-442D-952F-B2B3862883DD}.Debug|Any CPU.Build.0 = Debug|Any CPU
		{C77333ED-2B79-442D-952F-B2B3862883DD}.Release|Any CPU.ActiveCfg = Release|Any CPU
		{C77333ED-2B79-442D-952F-B2B3862883DD}.Release|Any CPU.Build.0 = Release|Any CPU
		{595DCD35-7124-42B1-8697-A355955E1E14}.Debug|Any CPU.ActiveCfg = Debug|Any CPU
		{595DCD35-7124-42B1-8697-A355955E1E14}.Debug|Any CPU.Build.0 = Debug|Any CPU
		{595DCD35-7124-42B1-8697-A355955E1E14}.Release|Any CPU.ActiveCfg = Release|Any CPU
		{595DCD35-7124-42B1-8697-A355955E1E14}.Release|Any CPU.Build.0 = Release|Any CPU
		{5F1F1F7D-7AC1-4E26-86C5-55F51F8B7779}.Debug|Any CPU.ActiveCfg = Debug|Any CPU
		{5F1F1F7D-7AC1-4E26-86C5-55F51F8B7779}.Debug|Any CPU.Build.0 = Debug|Any CPU
		{5F1F1F7D-7AC1-4E26-86C5-55F51F8B7779}.Release|Any CPU.ActiveCfg = Release|Any CPU
		{5F1F1F7D-7AC1-4E26-86C5-55F51F8B7779}.Release|Any CPU.Build.0 = Release|Any CPU
	EndGlobalSection
	GlobalSection(SolutionProperties) = preSolution
		HideSolutionNode = FALSE
	EndGlobalSection
	GlobalSection(NestedProjects) = preSolution
		{2193DF4B-0CE3-4046-8A6C-E11038812307} = {02EA681E-C7D8-13C7-8484-4AC65E1B71E8}
		{2C3ABC6A-50F2-4B3B-B39B-4564DAFC6220} = {02EA681E-C7D8-13C7-8484-4AC65E1B71E8}
		{AFF73A63-4E75-4549-9CB0-0CC9BF4DCD68} = {02EA681E-C7D8-13C7-8484-4AC65E1B71E8}
		{478E71EC-7466-40FD-B53C-2694A4C3E65F} = {2193DF4B-0CE3-4046-8A6C-E11038812307}
		{BF8A6DCB-3735-4923-A1EB-00260695917B} = {2C3ABC6A-50F2-4B3B-B39B-4564DAFC6220}
		{C77333ED-2B79-442D-952F-B2B3862883DD} = {AFF73A63-4E75-4549-9CB0-0CC9BF4DCD68}
		{595DCD35-7124-42B1-8697-A355955E1E14} = {AFF73A63-4E75-4549-9CB0-0CC9BF4DCD68}
		{215BB5B1-E6AD-4559-B0A0-BF21CF080FF5} = {02EA681E-C7D8-13C7-8484-4AC65E1B71E8}
		{5F1F1F7D-7AC1-4E26-86C5-55F51F8B7779} = {215BB5B1-E6AD-4559-B0A0-BF21CF080FF5}
	EndGlobalSection
	GlobalSection(ExtensibilityGlobals) = postSolution
		SolutionGuid = {BDF3C16A-5ED1-4AB8-928A-A3734819A5A3}
	EndGlobalSection
EndGlobal
